
Microsoft Visual Studio Solution File, Format Version 12.00
# Visual Studio Version 17
VisualStudioVersion = 17.3.32804.467
MinimumVisualStudioVersion = 10.0.40219.1
Project("{9A19103F-16F7-4668-BE54-9A1E7A4F7556}") = "Api", "Api\Api.csproj", "{5AF54693-CE51-438B-B432-2C228148E3CC}"
EndProject
Project("{9A19103F-16F7-4668-BE54-9A1E7A4F7556}") = "Core", "Core\Core.csproj", "{03447FF5-FCFC-499B-BDB5-48D22FA31AD8}"
EndProject
Project("{9A19103F-16F7-4668-BE54-9A1E7A4F7556}") = "EntityContract", "EntityContract\EntityContract.csproj", "{C6488F81-941A-4E1D-AA2B-E38F72B31899}"
EndProject
Project("{9A19103F-16F7-4668-BE54-9A1E7A4F7556}") = "Service", "Service\Service.csproj", "{25CDBCCF-E715-4F18-A874-DD0E6D292469}"
EndProject
Project("{9A19103F-16F7-4668-BE54-9A1E7A4F7556}") = "ServiceContract", "ServiceContract\ServiceContract.csproj", "{A0D86E07-118D-4572-B322-15FA18F65A33}"
EndProject
Project("{9A19103F-16F7-4668-BE54-9A1E7A4F7556}") = "AppContext", "AppContext\AppContext.csproj", "{DD7A7A9E-72EC-4891-AEBC-CDB5A973B447}"
EndProject
Project("{2150E333-8FDC-42A3-9474-1A3956D46DE8}") = "Solution Items", "Solution Items", "{BEF7FBA4-8C57-40C1-A8AC-2A80DEA24A26}"
	ProjectSection(SolutionItems) = preProject
		.editorconfig = .editorconfig
	EndProjectSection
EndProject
Global
	GlobalSection(SolutionConfigurationPlatforms) = preSolution
		Debug|Any CPU = Debug|Any CPU
		Release|Any CPU = Release|Any CPU
	EndGlobalSection
	GlobalSection(ProjectConfigurationPlatforms) = postSolution
		{5AF54693-CE51-438B-B432-2C228148E3CC}.Debug|Any CPU.ActiveCfg = Debug|Any CPU
		{5AF54693-CE51-438B-B432-2C228148E3CC}.Debug|Any CPU.Build.0 = Debug|Any CPU
		{5AF54693-CE51-438B-B432-2C228148E3CC}.Release|Any CPU.ActiveCfg = Release|Any CPU
		{5AF54693-CE51-438B-B432-2C228148E3CC}.Release|Any CPU.Build.0 = Release|Any CPU
		{03447FF5-FCFC-499B-BDB5-48D22FA31AD8}.Debug|Any CPU.ActiveCfg = Debug|Any CPU
		{03447FF5-FCFC-499B-BDB5-48D22FA31AD8}.Debug|Any CPU.Build.0 = Debug|Any CPU
		{03447FF5-FCFC-499B-BDB5-48D22FA31AD8}.Release|Any CPU.ActiveCfg = Release|Any CPU
		{03447FF5-FCFC-499B-BDB5-48D22FA31AD8}.Release|Any CPU.Build.0 = Release|Any CPU
		{C6488F81-941A-4E1D-AA2B-E38F72B31899}.Debug|Any CPU.ActiveCfg = Debug|Any CPU
		{C6488F81-941A-4E1D-AA2B-E38F72B31899}.Debug|Any CPU.Build.0 = Debug|Any CPU
		{C6488F81-941A-4E1D-AA2B-E38F72B31899}.Release|Any CPU.ActiveCfg = Release|Any CPU
		{C6488F81-941A-4E1D-AA2B-E38F72B31899}.Release|Any CPU.Build.0 = Release|Any CPU
		{25CDBCCF-E715-4F18-A874-DD0E6D292469}.Debug|Any CPU.ActiveCfg = Debug|Any CPU
		{25CDBCCF-E715-4F18-A874-DD0E6D292469}.Debug|Any CPU.Build.0 = Debug|Any CPU
		{25CDBCCF-E715-4F18-A874-DD0E6D292469}.Release|Any CPU.ActiveCfg = Release|Any CPU
		{25CDBCCF-E715-4F18-A874-DD0E6D292469}.Release|Any CPU.Build.0 = Release|Any CPU
		{A0D86E07-118D-4572-B322-15FA18F65A33}.Debug|Any CPU.ActiveCfg = Debug|Any CPU
		{A0D86E07-118D-4572-B322-15FA18F65A33}.Debug|Any CPU.Build.0 = Debug|Any CPU
		{A0D86E07-118D-4572-B322-15FA18F65A33}.Release|Any CPU.ActiveCfg = Release|Any CPU
		{A0D86E07-118D-4572-B322-15FA18F65A33}.Release|Any CPU.Build.0 = Release|Any CPU
		{DD7A7A9E-72EC-4891-AEBC-CDB5A973B447}.Debug|Any CPU.ActiveCfg = Debug|Any CPU
		{DD7A7A9E-72EC-4891-AEBC-CDB5A973B447}.Debug|Any CPU.Build.0 = Debug|Any CPU
		{DD7A7A9E-72EC-4891-AEBC-CDB5A973B447}.Release|Any CPU.ActiveCfg = Release|Any CPU
		{DD7A7A9E-72EC-4891-AEBC-CDB5A973B447}.Release|Any CPU.Build.0 = Release|Any CPU
	EndGlobalSection
	GlobalSection(SolutionProperties) = preSolution
		HideSolutionNode = FALSE
	EndGlobalSection
	GlobalSection(ExtensibilityGlobals) = postSolution
		SolutionGuid = {6CFB9A3C-95EC-424F-99E3-2B4A65241D6E}
	EndGlobalSection
EndGlobal
